
Microsoft Visual Studio Solution File, Format Version 12.00
# Visual Studio 15
VisualStudioVersion = 15.0.27703.2047
MinimumVisualStudioVersion = 10.0.40219.1
Project("{9A19103F-16F7-4668-BE54-9A1E7A4F7556}") = "ApiRestCRUDCore", "ApiRestCRUDCore\ApiRestCRUDCore.csproj", "{13EE96A8-3E94-42F9-9F16-80FF246B403C}"
EndProject
Project("{9A19103F-16F7-4668-BE54-9A1E7A4F7556}") = "ApiRestCRUDCore.Domain", "ApiRestCRUDCore.Domain\ApiRestCRUDCore.Domain.csproj", "{5948C6AE-5992-41D5-9B72-2F0D40B378A8}"
EndProject
Project("{9A19103F-16F7-4668-BE54-9A1E7A4F7556}") = "Components", "..\..\ComponentsCore\Components\Components.csproj", "{E793235E-F46A-44AA-BB46-74E3BADEE7E4}"
EndProject
Project("{FAE04EC0-301F-11D3-BF4B-00C04F79EFBC}") = "ApiRestCRUDCore.Data", "ApiRestCRUDCore.Data\ApiRestCRUDCore.Data.csproj", "{5B3E3393-BE3C-4A89-82C1-B6903623F951}"
EndProject
Global
	GlobalSection(SolutionConfigurationPlatforms) = preSolution
		Debug|Any CPU = Debug|Any CPU
		Release|Any CPU = Release|Any CPU
	EndGlobalSection
	GlobalSection(ProjectConfigurationPlatforms) = postSolution
		{13EE96A8-3E94-42F9-9F16-80FF246B403C}.Debug|Any CPU.ActiveCfg = Debug|Any CPU
		{13EE96A8-3E94-42F9-9F16-80FF246B403C}.Debug|Any CPU.Build.0 = Debug|Any CPU
		{13EE96A8-3E94-42F9-9F16-80FF246B403C}.Release|Any CPU.ActiveCfg = Release|Any CPU
		{13EE96A8-3E94-42F9-9F16-80FF246B403C}.Release|Any CPU.Build.0 = Release|Any CPU
		{5948C6AE-5992-41D5-9B72-2F0D40B378A8}.Debug|Any CPU.ActiveCfg = Debug|Any CPU
		{5948C6AE-5992-41D5-9B72-2F0D40B378A8}.Debug|Any CPU.Build.0 = Debug|Any CPU
		{5948C6AE-5992-41D5-9B72-2F0D40B378A8}.Release|Any CPU.ActiveCfg = Release|Any CPU
		{5948C6AE-5992-41D5-9B72-2F0D40B378A8}.Release|Any CPU.Build.0 = Release|Any CPU
		{E793235E-F46A-44AA-BB46-74E3BADEE7E4}.Debug|Any CPU.ActiveCfg = Debug|Any CPU
		{E793235E-F46A-44AA-BB46-74E3BADEE7E4}.Debug|Any CPU.Build.0 = Debug|Any CPU
		{E793235E-F46A-44AA-BB46-74E3BADEE7E4}.Release|Any CPU.ActiveCfg = Release|Any CPU
		{E793235E-F46A-44AA-BB46-74E3BADEE7E4}.Release|Any CPU.Build.0 = Release|Any CPU
		{5B3E3393-BE3C-4A89-82C1-B6903623F951}.Debug|Any CPU.ActiveCfg = Debug|Any CPU
		{5B3E3393-BE3C-4A89-82C1-B6903623F951}.Debug|Any CPU.Build.0 = Debug|Any CPU
		{5B3E3393-BE3C-4A89-82C1-B6903623F951}.Release|Any CPU.ActiveCfg = Release|Any CPU
		{5B3E3393-BE3C-4A89-82C1-B6903623F951}.Release|Any CPU.Build.0 = Release|Any CPU
	EndGlobalSection
	GlobalSection(SolutionProperties) = preSolution
		HideSolutionNode = FALSE
	EndGlobalSection
	GlobalSection(ExtensibilityGlobals) = postSolution
		SolutionGuid = {53383EF5-1F78-475A-9626-5C5B92176437}
	EndGlobalSection
EndGlobal
